<?xml version="1.0" encoding="UTF-8"?>
<CodeBlocks_project_file>
	<FileVersion major="1" minor="6"/>
	<Project>
		<Option title="PSUController"/>
		<Option makefile_is_custom="1"/>
		<Option compiler="gcc"/>
		<Option virtualFolders="CMake Files\;"/>
		<Build>
			<Target title="all">
				<Option working_dir="/home/marian/Documents/dev/Pi/PiSupply/Control&amp;Interface/Control/src"/>
				<Option type="4"/>
				<MakeCommands>
					<Build command="/usr/bin/make -f &quot;/home/marian/Documents/dev/Pi/PiSupply/Control&amp;Interface/Control/src/Makefile&quot;  VERBOSE=1 all"/>
					<CompileFile command="/usr/bin/make -f &quot;/home/marian/Documents/dev/Pi/PiSupply/Control&amp;Interface/Control/src/Makefile&quot;  VERBOSE=1 &quot;$file&quot;"/>
					<Clean command="/usr/bin/make -f &quot;/home/marian/Documents/dev/Pi/PiSupply/Control&amp;Interface/Control/src/Makefile&quot;  VERBOSE=1 clean"/>
					<DistClean command="/usr/bin/make -f &quot;/home/marian/Documents/dev/Pi/PiSupply/Control&amp;Interface/Control/src/Makefile&quot;  VERBOSE=1 clean"/>
				</MakeCommands>
			</Target>
			<Target title="rebuild_cache">
				<Option working_dir="/home/marian/Documents/dev/Pi/PiSupply/Control&amp;Interface/Control/src"/>
				<Option type="4"/>
				<MakeCommands>
					<Build command="/usr/bin/make -f &quot;/home/marian/Documents/dev/Pi/PiSupply/Control&amp;Interface/Control/src/Makefile&quot;  VERBOSE=1 rebuild_cache"/>
					<CompileFile command="/usr/bin/make -f &quot;/home/marian/Documents/dev/Pi/PiSupply/Control&amp;Interface/Control/src/Makefile&quot;  VERBOSE=1 &quot;$file&quot;"/>
					<Clean command="/usr/bin/make -f &quot;/home/marian/Documents/dev/Pi/PiSupply/Control&amp;Interface/Control/src/Makefile&quot;  VERBOSE=1 clean"/>
					<DistClean command="/usr/bin/make -f &quot;/home/marian/Documents/dev/Pi/PiSupply/Control&amp;Interface/Control/src/Makefile&quot;  VERBOSE=1 clean"/>
				</MakeCommands>
			</Target>
			<Target title="PSUController">
				<Option output="/home/marian/Documents/dev/Pi/PiSupply/Control&amp;Interface/Control/src/PSUController" prefix_auto="0" extension_auto="0"/>
				<Option working_dir="/home/marian/Documents/dev/Pi/PiSupply/Control&amp;Interface/Control/src"/>
				<Option object_output="./"/>
				<Option type="1"/>
				<Option compiler="gcc"/>
				<Compiler/>
				<MakeCommands>
					<Build command="/usr/bin/make -f &quot;/home/marian/Documents/dev/Pi/PiSupply/Control&amp;Interface/Control/src/Makefile&quot;  VERBOSE=1 PSUController"/>
					<CompileFile command="/usr/bin/make -f &quot;/home/marian/Documents/dev/Pi/PiSupply/Control&amp;Interface/Control/src/Makefile&quot;  VERBOSE=1 &quot;$file&quot;"/>
					<Clean command="/usr/bin/make -f &quot;/home/marian/Documents/dev/Pi/PiSupply/Control&amp;Interface/Control/src/Makefile&quot;  VERBOSE=1 clean"/>
					<DistClean command="/usr/bin/make -f &quot;/home/marian/Documents/dev/Pi/PiSupply/Control&amp;Interface/Control/src/Makefile&quot;  VERBOSE=1 clean"/>
				</MakeCommands>
			</Target>
			<Target title="PSUController/fast">
				<Option output="/home/marian/Documents/dev/Pi/PiSupply/Control&amp;Interface/Control/src/PSUController" prefix_auto="0" extension_auto="0"/>
				<Option working_dir="/home/marian/Documents/dev/Pi/PiSupply/Control&amp;Interface/Control/src"/>
				<Option object_output="./"/>
				<Option type="1"/>
				<Option compiler="gcc"/>
				<Compiler/>
				<MakeCommands>
					<Build command="/usr/bin/make -f &quot;/home/marian/Documents/dev/Pi/PiSupply/Control&amp;Interface/Control/src/Makefile&quot;  VERBOSE=1 PSUController/fast"/>
					<CompileFile command="/usr/bin/make -f &quot;/home/marian/Documents/dev/Pi/PiSupply/Control&amp;Interface/Control/src/Makefile&quot;  VERBOSE=1 &quot;$file&quot;"/>
					<Clean command="/usr/bin/make -f &quot;/home/marian/Documents/dev/Pi/PiSupply/Control&amp;Interface/Control/src/Makefile&quot;  VERBOSE=1 clean"/>
					<DistClean command="/usr/bin/make -f &quot;/home/marian/Documents/dev/Pi/PiSupply/Control&amp;Interface/Control/src/Makefile&quot;  VERBOSE=1 clean"/>
				</MakeCommands>
			</Target>
			<Target title="edit_cache">
				<Option working_dir="/home/marian/Documents/dev/Pi/PiSupply/Control&amp;Interface/Control/src"/>
				<Option type="4"/>
				<MakeCommands>
					<Build command="/usr/bin/make -f &quot;/home/marian/Documents/dev/Pi/PiSupply/Control&amp;Interface/Control/src/Makefile&quot;  VERBOSE=1 edit_cache"/>
					<CompileFile command="/usr/bin/make -f &quot;/home/marian/Documents/dev/Pi/PiSupply/Control&amp;Interface/Control/src/Makefile&quot;  VERBOSE=1 &quot;$file&quot;"/>
					<Clean command="/usr/bin/make -f &quot;/home/marian/Documents/dev/Pi/PiSupply/Control&amp;Interface/Control/src/Makefile&quot;  VERBOSE=1 clean"/>
					<DistClean command="/usr/bin/make -f &quot;/home/marian/Documents/dev/Pi/PiSupply/Control&amp;Interface/Control/src/Makefile&quot;  VERBOSE=1 clean"/>
				</MakeCommands>
			</Target>
		</Build>
		<Unit filename="/home/marian/Documents/dev/Pi/PiSupply/Control&amp;Interface/Control/src/BatteryUtils.cpp">
			<Option target="PSUController"/>
		</Unit>
		<Unit filename="/home/marian/Documents/dev/Pi/PiSupply/Control&amp;Interface/Control/src/BatteryUtils.hpp">
			<Option target="PSUController"/>
		</Unit>
		<Unit filename="/home/marian/Documents/dev/Pi/PiSupply/Control&amp;Interface/Control/src/Controller.cpp">
			<Option target="PSUController"/>
		</Unit>
		<Unit filename="/home/marian/Documents/dev/Pi/PiSupply/Control&amp;Interface/Control/src/Controller.hpp">
			<Option target="PSUController"/>
		</Unit>
		<Unit filename="/home/marian/Documents/dev/Pi/PiSupply/Control&amp;Interface/Control/src/Converters.cpp">
			<Option target="PSUController"/>
		</Unit>
		<Unit filename="/home/marian/Documents/dev/Pi/PiSupply/Control&amp;Interface/Control/src/Converters.hpp">
			<Option target="PSUController"/>
		</Unit>
		<Unit filename="/home/marian/Documents/dev/Pi/PiSupply/Control&amp;Interface/Control/src/InputBoard.cpp">
			<Option target="PSUController"/>
		</Unit>
		<Unit filename="/home/marian/Documents/dev/Pi/PiSupply/Control&amp;Interface/Control/src/InputBoard.hpp">
			<Option target="PSUController"/>
		</Unit>
		<Unit filename="/home/marian/Documents/dev/Pi/PiSupply/Control&amp;Interface/Control/src/Logger.cpp">
			<Option target="PSUController"/>
		</Unit>
		<Unit filename="/home/marian/Documents/dev/Pi/PiSupply/Control&amp;Interface/Control/src/Logger.hpp">
			<Option target="PSUController"/>
		</Unit>
		<Unit filename="/home/marian/Documents/dev/Pi/PiSupply/Control&amp;Interface/Control/src/MCP3204.cpp">
			<Option target="PSUController"/>
		</Unit>
		<Unit filename="/home/marian/Documents/dev/Pi/PiSupply/Control&amp;Interface/Control/src/MCP3204.hpp">
			<Option target="PSUController"/>
		</Unit>
		<Unit filename="/home/marian/Documents/dev/Pi/PiSupply/Control&amp;Interface/Control/src/MCP4922.cpp">
			<Option target="PSUController"/>
		</Unit>
		<Unit filename="/home/marian/Documents/dev/Pi/PiSupply/Control&amp;Interface/Control/src/MCP4922.hpp">
			<Option target="PSUController"/>
		</Unit>
		<Unit filename="/home/marian/Documents/dev/Pi/PiSupply/Control&amp;Interface/Control/src/OutputBoard.cpp">
			<Option target="PSUController"/>
		</Unit>
		<Unit filename="/home/marian/Documents/dev/Pi/PiSupply/Control&amp;Interface/Control/src/OutputBoard.hpp">
			<Option target="PSUController"/>
		</Unit>
		<Unit filename="/home/marian/Documents/dev/Pi/PiSupply/Control&amp;Interface/Control/src/PersistentConfiguration.cpp">
			<Option target="PSUController"/>
		</Unit>
		<Unit filename="/home/marian/Documents/dev/Pi/PiSupply/Control&amp;Interface/Control/src/PersistentConfiguration.hpp">
			<Option target="PSUController"/>
		</Unit>
		<Unit filename="/home/marian/Documents/dev/Pi/PiSupply/Control&amp;Interface/Control/src/Tester.cpp">
			<Option target="PSUController"/>
		</Unit>
		<Unit filename="/home/marian/Documents/dev/Pi/PiSupply/Control&amp;Interface/Control/src/Tester.hpp">
			<Option target="PSUController"/>
		</Unit>
		<Unit filename="/home/marian/Documents/dev/Pi/PiSupply/Control&amp;Interface/Control/src/main.cpp">
			<Option target="PSUController"/>
		</Unit>
		<Unit filename="/home/marian/Documents/dev/Pi/PiSupply/Control&amp;Interface/Control/src/CMakeLists.txt">
			<Option virtualFolder="CMake Files\"/>
		</Unit>
	</Project>
</CodeBlocks_project_file>
